
Microsoft Visual Studio Solution File, Format Version 12.00
# Visual Studio Version 17
VisualStudioVersion = 17.9.34622.214
MinimumVisualStudioVersion = 10.0.40219.1
Project("{FAE04EC0-301F-11D3-BF4B-00C04F79EFBC}") = "1. API", "1. API\1. API.csproj", "{436F9541-29AF-4B8E-BE5A-9E8763C8F395}"
EndProject
Project("{FAE04EC0-301F-11D3-BF4B-00C04F79EFBC}") = "2. Domain", "2. Domain\2. Domain.csproj", "{A3CDAA50-49B1-4625-A0EF-3F8BA7AB1BB3}"
EndProject
Project("{FAE04EC0-301F-11D3-BF4B-00C04F79EFBC}") = "3. Data", "3. Data\3. Data.csproj", "{78064731-BD83-4758-86B1-52AFB965C98E}"
EndProject
Global
	GlobalSection(SolutionConfigurationPlatforms) = preSolution
		Debug|Any CPU = Debug|Any CPU
		Release|Any CPU = Release|Any CPU
	EndGlobalSection
	GlobalSection(ProjectConfigurationPlatforms) = postSolution
		{436F9541-29AF-4B8E-BE5A-9E8763C8F395}.Debug|Any CPU.ActiveCfg = Debug|Any CPU
		{436F9541-29AF-4B8E-BE5A-9E8763C8F395}.Debug|Any CPU.Build.0 = Debug|Any CPU
		{436F9541-29AF-4B8E-BE5A-9E8763C8F395}.Release|Any CPU.ActiveCfg = Release|Any CPU
		{436F9541-29AF-4B8E-BE5A-9E8763C8F395}.Release|Any CPU.Build.0 = Release|Any CPU
		{A3CDAA50-49B1-4625-A0EF-3F8BA7AB1BB3}.Debug|Any CPU.ActiveCfg = Debug|Any CPU
		{A3CDAA50-49B1-4625-A0EF-3F8BA7AB1BB3}.Debug|Any CPU.Build.0 = Debug|Any CPU
		{A3CDAA50-49B1-4625-A0EF-3F8BA7AB1BB3}.Release|Any CPU.ActiveCfg = Release|Any CPU
		{A3CDAA50-49B1-4625-A0EF-3F8BA7AB1BB3}.Release|Any CPU.Build.0 = Release|Any CPU
		{78064731-BD83-4758-86B1-52AFB965C98E}.Debug|Any CPU.ActiveCfg = Debug|Any CPU
		{78064731-BD83-4758-86B1-52AFB965C98E}.Debug|Any CPU.Build.0 = Debug|Any CPU
		{78064731-BD83-4758-86B1-52AFB965C98E}.Release|Any CPU.ActiveCfg = Release|Any CPU
		{78064731-BD83-4758-86B1-52AFB965C98E}.Release|Any CPU.Build.0 = Release|Any CPU
	EndGlobalSection
	GlobalSection(SolutionProperties) = preSolution
		HideSolutionNode = FALSE
	EndGlobalSection
	GlobalSection(ExtensibilityGlobals) = postSolution
		SolutionGuid = {F58AE761-BC6E-4DAF-97DC-0B98E6C5C3AF}
	EndGlobalSection
EndGlobal
